// !$*UTF8*$!
{
	archiveVersion = 1;
	classes = {
	};
	objectVersion = 46;
	objects = {

/* Begin PBXBuildFile section */
		854D48B71F657C9800A49A0A /* PokemonDetailVC.swift in Sources */ = {isa = PBXBuildFile; fileRef = 854D48B61F657C9800A49A0A /* PokemonDetailVC.swift */; };
		85CF1F6A1F616C1300B85674 /* csv.swift in Sources */ = {isa = PBXBuildFile; fileRef = 85CF1F691F616C1300B85674 /* csv.swift */; };
		85D9FDF01F617E540080CE7D /* pokemon.ttf in Resources */ = {isa = PBXBuildFile; fileRef = 85D9FDEF1F617E540080CE7D /* pokemon.ttf */; };
		85D9FDF71F6183F90080CE7D /* music.ico in Resources */ = {isa = PBXBuildFile; fileRef = 85D9FDF61F6183F90080CE7D /* music.ico */; };
		85D9FDF91F6185B00080CE7D /* music.mp3 in Resources */ = {isa = PBXBuildFile; fileRef = 85D9FDF81F6185B00080CE7D /* music.mp3 */; };
		85F01AFA1F5948E0006F73B3 /* PokeCell.swift in Sources */ = {isa = PBXBuildFile; fileRef = 85F01AF91F5948E0006F73B3 /* PokeCell.swift */; };
		85F604BA1F52F6D4006CAE44 /* AppDelegate.swift in Sources */ = {isa = PBXBuildFile; fileRef = 85F604B91F52F6D4006CAE44 /* AppDelegate.swift */; };
		85F604BC1F52F6D4006CAE44 /* ViewController.swift in Sources */ = {isa = PBXBuildFile; fileRef = 85F604BB1F52F6D4006CAE44 /* ViewController.swift */; };
		85F604BF1F52F6D4006CAE44 /* Main.storyboard in Resources */ = {isa = PBXBuildFile; fileRef = 85F604BD1F52F6D4006CAE44 /* Main.storyboard */; };
		85F604C11F52F6D4006CAE44 /* Assets.xcassets in Resources */ = {isa = PBXBuildFile; fileRef = 85F604C01F52F6D4006CAE44 /* Assets.xcassets */; };
		85F604C41F52F6D4006CAE44 /* LaunchScreen.storyboard in Resources */ = {isa = PBXBuildFile; fileRef = 85F604C21F52F6D4006CAE44 /* LaunchScreen.storyboard */; };
		85F604CF1F52F6D4006CAE44 /* PokedexTests.swift in Sources */ = {isa = PBXBuildFile; fileRef = 85F604CE1F52F6D4006CAE44 /* PokedexTests.swift */; };
		85F604DA1F52F6D4006CAE44 /* PokedexUITests.swift in Sources */ = {isa = PBXBuildFile; fileRef = 85F604D91F52F6D4006CAE44 /* PokedexUITests.swift */; };
		85F604E81F52F9C2006CAE44 /* pokemon.csv in Resources */ = {isa = PBXBuildFile; fileRef = 85F604E71F52F9C2006CAE44 /* pokemon.csv */; };
		85F604EB1F52FBE9006CAE44 /* Pokemon.swift in Sources */ = {isa = PBXBuildFile; fileRef = 85F604EA1F52FBE9006CAE44 /* Pokemon.swift */; };
		E6D96CA7EEC421E207A5F359 /* Pods_Pokedex.framework in Frameworks */ = {isa = PBXBuildFile; fileRef = 421B9807DBCCA6F20D74FD76 /* Pods_Pokedex.framework */; };
/* End PBXBuildFile section */

/* Begin PBXContainerItemProxy section */
		85F604CB1F52F6D4006CAE44 /* PBXContainerItemProxy */ = {
			isa = PBXContainerItemProxy;
			containerPortal = 85F604AE1F52F6D3006CAE44 /* Project object */;
			proxyType = 1;
			remoteGlobalIDString = 85F604B51F52F6D4006CAE44;
			remoteInfo = Pokedex;
		};
		85F604D61F52F6D4006CAE44 /* PBXContainerItemProxy */ = {
			isa = PBXContainerItemProxy;
			containerPortal = 85F604AE1F52F6D3006CAE44 /* Project object */;
			proxyType = 1;
			remoteGlobalIDString = 85F604B51F52F6D4006CAE44;
			remoteInfo = Pokedex;
		};
/* End PBXContainerItemProxy section */

/* Begin PBXFileReference section */
		421B9807DBCCA6F20D74FD76 /* Pods_Pokedex.framework */ = {isa = PBXFileReference; explicitFileType = wrapper.framework; includeInIndex = 0; path = Pods_Pokedex.framework; sourceTree = BUILT_PRODUCTS_DIR; };
		854D48B61F657C9800A49A0A /* PokemonDetailVC.swift */ = {isa = PBXFileReference; fileEncoding = 4; lastKnownFileType = sourcecode.swift; path = PokemonDetailVC.swift; sourceTree = "<group>"; };
		85CF1F691F616C1300B85674 /* csv.swift */ = {isa = PBXFileReference; fileEncoding = 4; lastKnownFileType = sourcecode.swift; path = csv.swift; sourceTree = "<group>"; };
		85D9FDEF1F617E540080CE7D /* pokemon.ttf */ = {isa = PBXFileReference; lastKnownFileType = file; path = pokemon.ttf; sourceTree = "<group>"; };
		85D9FDF61F6183F90080CE7D /* music.ico */ = {isa = PBXFileReference; lastKnownFileType = image.ico; path = music.ico; sourceTree = "<group>"; };
		85D9FDF81F6185B00080CE7D /* music.mp3 */ = {isa = PBXFileReference; lastKnownFileType = audio.mp3; path = music.mp3; sourceTree = "<group>"; };
		85F01AF91F5948E0006F73B3 /* PokeCell.swift */ = {isa = PBXFileReference; fileEncoding = 4; lastKnownFileType = sourcecode.swift; path = PokeCell.swift; sourceTree = "<group>"; };
		85F604B61F52F6D4006CAE44 /* Pokedex.app */ = {isa = PBXFileReference; explicitFileType = wrapper.application; includeInIndex = 0; path = Pokedex.app; sourceTree = BUILT_PRODUCTS_DIR; };
		85F604B91F52F6D4006CAE44 /* AppDelegate.swift */ = {isa = PBXFileReference; lastKnownFileType = sourcecode.swift; path = AppDelegate.swift; sourceTree = "<group>"; };
		85F604BB1F52F6D4006CAE44 /* ViewController.swift */ = {isa = PBXFileReference; lastKnownFileType = sourcecode.swift; path = ViewController.swift; sourceTree = "<group>"; };
		85F604BE1F52F6D4006CAE44 /* Base */ = {isa = PBXFileReference; lastKnownFileType = file.storyboard; name = Base; path = Base.lproj/Main.storyboard; sourceTree = "<group>"; };
		85F604C01F52F6D4006CAE44 /* Assets.xcassets */ = {isa = PBXFileReference; lastKnownFileType = folder.assetcatalog; path = Assets.xcassets; sourceTree = "<group>"; };
		85F604C31F52F6D4006CAE44 /* Base */ = {isa = PBXFileReference; lastKnownFileType = file.storyboard; name = Base; path = Base.lproj/LaunchScreen.storyboard; sourceTree = "<group>"; };
		85F604C51F52F6D4006CAE44 /* Info.plist */ = {isa = PBXFileReference; lastKnownFileType = text.plist.xml; path = Info.plist; sourceTree = "<group>"; };
		85F604CA1F52F6D4006CAE44 /* PokedexTests.xctest */ = {isa = PBXFileReference; explicitFileType = wrapper.cfbundle; includeInIndex = 0; path = PokedexTests.xctest; sourceTree = BUILT_PRODUCTS_DIR; };
		85F604CE1F52F6D4006CAE44 /* PokedexTests.swift */ = {isa = PBXFileReference; lastKnownFileType = sourcecode.swift; path = PokedexTests.swift; sourceTree = "<group>"; };
		85F604D01F52F6D4006CAE44 /* Info.plist */ = {isa = PBXFileReference; lastKnownFileType = text.plist.xml; path = Info.plist; sourceTree = "<group>"; };
		85F604D51F52F6D4006CAE44 /* PokedexUITests.xctest */ = {isa = PBXFileReference; explicitFileType = wrapper.cfbundle; includeInIndex = 0; path = PokedexUITests.xctest; sourceTree = BUILT_PRODUCTS_DIR; };
		85F604D91F52F6D4006CAE44 /* PokedexUITests.swift */ = {isa = PBXFileReference; lastKnownFileType = sourcecode.swift; path = PokedexUITests.swift; sourceTree = "<group>"; };
		85F604DB1F52F6D4006CAE44 /* Info.plist */ = {isa = PBXFileReference; lastKnownFileType = text.plist.xml; path = Info.plist; sourceTree = "<group>"; };
		85F604E71F52F9C2006CAE44 /* pokemon.csv */ = {isa = PBXFileReference; fileEncoding = 4; lastKnownFileType = text; path = pokemon.csv; sourceTree = "<group>"; };
		85F604EA1F52FBE9006CAE44 /* Pokemon.swift */ = {isa = PBXFileReference; fileEncoding = 4; lastKnownFileType = sourcecode.swift; path = Pokemon.swift; sourceTree = "<group>"; };
		9B034032C6E9E0E6730A754B /* Pods-Pokedex.debug.xcconfig */ = {isa = PBXFileReference; includeInIndex = 1; lastKnownFileType = text.xcconfig; name = "Pods-Pokedex.debug.xcconfig"; path = "Pods/Target Support Files/Pods-Pokedex/Pods-Pokedex.debug.xcconfig"; sourceTree = "<group>"; };
		BA6E5EFEC92C7B323B3CAA82 /* Pods-Pokedex.release.xcconfig */ = {isa = PBXFileReference; includeInIndex = 1; lastKnownFileType = text.xcconfig; name = "Pods-Pokedex.release.xcconfig"; path = "Pods/Target Support Files/Pods-Pokedex/Pods-Pokedex.release.xcconfig"; sourceTree = "<group>"; };
/* End PBXFileReference section */

/* Begin PBXFrameworksBuildPhase section */
		85F604B31F52F6D4006CAE44 /* Frameworks */ = {
			isa = PBXFrameworksBuildPhase;
			buildActionMask = 2147483647;
			files = (
				E6D96CA7EEC421E207A5F359 /* Pods_Pokedex.framework in Frameworks */,
			);
			runOnlyForDeploymentPostprocessing = 0;
		};
		85F604C71F52F6D4006CAE44 /* Frameworks */ = {
			isa = PBXFrameworksBuildPhase;
			buildActionMask = 2147483647;
			files = (
			);
			runOnlyForDeploymentPostprocessing = 0;
		};
		85F604D21F52F6D4006CAE44 /* Frameworks */ = {
			isa = PBXFrameworksBuildPhase;
			buildActionMask = 2147483647;
			files = (
			);
			runOnlyForDeploymentPostprocessing = 0;
		};
/* End PBXFrameworksBuildPhase section */

/* Begin PBXGroup section */
		0B3EF3F4A939DCC1BDE3B9E5 /* Frameworks */ = {
			isa = PBXGroup;
			children = (
				421B9807DBCCA6F20D74FD76 /* Pods_Pokedex.framework */,
			);
			name = Frameworks;
			sourceTree = "<group>";
		};
		7A237AEE7089FA175ACDACB8 /* Pods */ = {
			isa = PBXGroup;
			children = (
				9B034032C6E9E0E6730A754B /* Pods-Pokedex.debug.xcconfig */,
				BA6E5EFEC92C7B323B3CAA82 /* Pods-Pokedex.release.xcconfig */,
			);
			name = Pods;
			sourceTree = "<group>";
		};
		85D9FDF11F617E960080CE7D /* Controller */ = {
			isa = PBXGroup;
			children = (
				85F604BB1F52F6D4006CAE44 /* ViewController.swift */,
				854D48B61F657C9800A49A0A /* PokemonDetailVC.swift */,
			);
			name = Controller;
			sourceTree = "<group>";
		};
		85D9FDF21F617EA60080CE7D /* Resources */ = {
			isa = PBXGroup;
			children = (
				85F604E71F52F9C2006CAE44 /* pokemon.csv */,
				85D9FDEF1F617E540080CE7D /* pokemon.ttf */,
				85D9FDF61F6183F90080CE7D /* music.ico */,
				85D9FDF81F6185B00080CE7D /* music.mp3 */,
			);
			name = Resources;
			sourceTree = "<group>";
		};
		85D9FDF31F617F820080CE7D /* Util */ = {
			isa = PBXGroup;
			children = (
				85CF1F691F616C1300B85674 /* csv.swift */,
			);
			name = Util;
			sourceTree = "<group>";
		};
		85F01AF81F5948A2006F73B3 /* View */ = {
			isa = PBXGroup;
			children = (
				85F01AF91F5948E0006F73B3 /* PokeCell.swift */,
			);
			name = View;
			sourceTree = "<group>";
		};
		85F604AD1F52F6D3006CAE44 = {
			isa = PBXGroup;
			children = (
				85F604B81F52F6D4006CAE44 /* Pokedex */,
				85F604CD1F52F6D4006CAE44 /* PokedexTests */,
				85F604D81F52F6D4006CAE44 /* PokedexUITests */,
				85F604B71F52F6D4006CAE44 /* Products */,
				7A237AEE7089FA175ACDACB8 /* Pods */,
				0B3EF3F4A939DCC1BDE3B9E5 /* Frameworks */,
			);
			sourceTree = "<group>";
		};
		85F604B71F52F6D4006CAE44 /* Products */ = {
			isa = PBXGroup;
			children = (
				85F604B61F52F6D4006CAE44 /* Pokedex.app */,
				85F604CA1F52F6D4006CAE44 /* PokedexTests.xctest */,
				85F604D51F52F6D4006CAE44 /* PokedexUITests.xctest */,
			);
			name = Products;
			sourceTree = "<group>";
		};
		85F604B81F52F6D4006CAE44 /* Pokedex */ = {
			isa = PBXGroup;
			children = (
				85F604E91F52FBC9006CAE44 /* Model */,
				85F01AF81F5948A2006F73B3 /* View */,
				85D9FDF11F617E960080CE7D /* Controller */,
				85D9FDF21F617EA60080CE7D /* Resources */,
				85D9FDF31F617F820080CE7D /* Util */,
				85F604B91F52F6D4006CAE44 /* AppDelegate.swift */,
				85F604BD1F52F6D4006CAE44 /* Main.storyboard */,
				85F604C01F52F6D4006CAE44 /* Assets.xcassets */,
				85F604C21F52F6D4006CAE44 /* LaunchScreen.storyboard */,
				85F604C51F52F6D4006CAE44 /* Info.plist */,
			);
			path = Pokedex;
			sourceTree = "<group>";
		};
		85F604CD1F52F6D4006CAE44 /* PokedexTests */ = {
			isa = PBXGroup;
			children = (
				85F604CE1F52F6D4006CAE44 /* PokedexTests.swift */,
				85F604D01F52F6D4006CAE44 /* Info.plist */,
			);
			path = PokedexTests;
			sourceTree = "<group>";
		};
		85F604D81F52F6D4006CAE44 /* PokedexUITests */ = {
			isa = PBXGroup;
			children = (
				85F604D91F52F6D4006CAE44 /* PokedexUITests.swift */,
				85F604DB1F52F6D4006CAE44 /* Info.plist */,
			);
			path = PokedexUITests;
			sourceTree = "<group>";
		};
		85F604E91F52FBC9006CAE44 /* Model */ = {
			isa = PBXGroup;
			children = (
				85F604EA1F52FBE9006CAE44 /* Pokemon.swift */,
			);
			name = Model;
			sourceTree = "<group>";
		};
/* End PBXGroup section */

/* Begin PBXNativeTarget section */
		85F604B51F52F6D4006CAE44 /* Pokedex */ = {
			isa = PBXNativeTarget;
			buildConfigurationList = 85F604DE1F52F6D4006CAE44 /* Build configuration list for PBXNativeTarget "Pokedex" */;
			buildPhases = (
				61A44164F61E24398428D0D3 /* [CP] Check Pods Manifest.lock */,
				85F604B21F52F6D4006CAE44 /* Sources */,
				85F604B31F52F6D4006CAE44 /* Frameworks */,
				85F604B41F52F6D4006CAE44 /* Resources */,
				0D2A229D7DCF706C77F166D3 /* [CP] Embed Pods Frameworks */,
				368F26C4777FB60F84A1A8A5 /* [CP] Copy Pods Resources */,
			);
			buildRules = (
			);
			dependencies = (
			);
			name = Pokedex;
			productName = Pokedex;
			productReference = 85F604B61F52F6D4006CAE44 /* Pokedex.app */;
			productType = "com.apple.product-type.application";
		};
		85F604C91F52F6D4006CAE44 /* PokedexTests */ = {
			isa = PBXNativeTarget;
			buildConfigurationList = 85F604E11F52F6D4006CAE44 /* Build configuration list for PBXNativeTarget "PokedexTests" */;
			buildPhases = (
				85F604C61F52F6D4006CAE44 /* Sources */,
				85F604C71F52F6D4006CAE44 /* Frameworks */,
				85F604C81F52F6D4006CAE44 /* Resources */,
			);
			buildRules = (
			);
			dependencies = (
				85F604CC1F52F6D4006CAE44 /* PBXTargetDependency */,
			);
			name = PokedexTests;
			productName = PokedexTests;
			productReference = 85F604CA1F52F6D4006CAE44 /* PokedexTests.xctest */;
			productType = "com.apple.product-type.bundle.unit-test";
		};
		85F604D41F52F6D4006CAE44 /* PokedexUITests */ = {
			isa = PBXNativeTarget;
			buildConfigurationList = 85F604E41F52F6D4006CAE44 /* Build configuration list for PBXNativeTarget "PokedexUITests" */;
			buildPhases = (
				85F604D11F52F6D4006CAE44 /* Sources */,
				85F604D21F52F6D4006CAE44 /* Frameworks */,
				85F604D31F52F6D4006CAE44 /* Resources */,
			);
			buildRules = (
			);
			dependencies = (
				85F604D71F52F6D4006CAE44 /* PBXTargetDependency */,
			);
			name = PokedexUITests;
			productName = PokedexUITests;
			productReference = 85F604D51F52F6D4006CAE44 /* PokedexUITests.xctest */;
			productType = "com.apple.product-type.bundle.ui-testing";
		};
/* End PBXNativeTarget section */

/* Begin PBXProject section */
		85F604AE1F52F6D3006CAE44 /* Project object */ = {
			isa = PBXProject;
			attributes = {
				LastSwiftUpdateCheck = 0830;
				LastUpgradeCheck = 0830;
				ORGANIZATIONNAME = "C Mayank Dogra";
				TargetAttributes = {
					85F604B51F52F6D4006CAE44 = {
						CreatedOnToolsVersion = 8.3.3;
						LastSwiftMigration = 0830;
						ProvisioningStyle = Automatic;
					};
					85F604C91F52F6D4006CAE44 = {
						CreatedOnToolsVersion = 8.3.3;
						LastSwiftMigration = 0830;
						ProvisioningStyle = Automatic;
						TestTargetID = 85F604B51F52F6D4006CAE44;
					};
					85F604D41F52F6D4006CAE44 = {
						CreatedOnToolsVersion = 8.3.3;
						LastSwiftMigration = 0830;
						ProvisioningStyle = Automatic;
						TestTargetID = 85F604B51F52F6D4006CAE44;
					};
				};
			};
			buildConfigurationList = 85F604B11F52F6D3006CAE44 /* Build configuration list for PBXProject "Pokedex" */;
			compatibilityVersion = "Xcode 3.2";
			developmentRegion = English;
			hasScannedForEncodings = 0;
			knownRegions = (
				en,
				Base,
			);
			mainGroup = 85F604AD1F52F6D3006CAE44;
			productRefGroup = 85F604B71F52F6D4006CAE44 /* Products */;
			projectDirPath = "";
			projectRoot = "";
			targets = (
				85F604B51F52F6D4006CAE44 /* Pokedex */,
				85F604C91F52F6D4006CAE44 /* PokedexTests */,
				85F604D41F52F6D4006CAE44 /* PokedexUITests */,
			);
		};
/* End PBXProject section */

/* Begin PBXResourcesBuildPhase section */
		85F604B41F52F6D4006CAE44 /* Resources */ = {
			isa = PBXResourcesBuildPhase;
			buildActionMask = 2147483647;
			files = (
				85D9FDF01F617E540080CE7D /* pokemon.ttf in Resources */,
				85F604C41F52F6D4006CAE44 /* LaunchScreen.storyboard in Resources */,
				85D9FDF91F6185B00080CE7D /* music.mp3 in Resources */,
				85F604C11F52F6D4006CAE44 /* Assets.xcassets in Resources */,
				85F604E81F52F9C2006CAE44 /* pokemon.csv in Resources */,
				85F604BF1F52F6D4006CAE44 /* Main.storyboard in Resources */,
				85D9FDF71F6183F90080CE7D /* music.ico in Resources */,
			);
			runOnlyForDeploymentPostprocessing = 0;
		};
		85F604C81F52F6D4006CAE44 /* Resources */ = {
			isa = PBXResourcesBuildPhase;
			buildActionMask = 2147483647;
			files = (
			);
			runOnlyForDeploymentPostprocessing = 0;
		};
		85F604D31F52F6D4006CAE44 /* Resources */ = {
			isa = PBXResourcesBuildPhase;
			buildActionMask = 2147483647;
			files = (
			);
			runOnlyForDeploymentPostprocessing = 0;
		};
/* End PBXResourcesBuildPhase section */

/* Begin PBXShellScriptBuildPhase section */
		0D2A229D7DCF706C77F166D3 /* [CP] Embed Pods Frameworks */ = {
			isa = PBXShellScriptBuildPhase;
			buildActionMask = 2147483647;
			files = (
			);
			inputPaths = (
				"${SRCROOT}/Pods/Target Support Files/Pods-Pokedex/Pods-Pokedex-frameworks.sh",
				"${BUILT_PRODUCTS_DIR}/Alamofire/Alamofire.framework",
			);
			name = "[CP] Embed Pods Frameworks";
			outputPaths = (
				"${TARGET_BUILD_DIR}/${FRAMEWORKS_FOLDER_PATH}/Alamofire.framework",
			);
			runOnlyForDeploymentPostprocessing = 0;
			shellPath = /bin/sh;
			shellScript = "\"${SRCROOT}/Pods/Target Support Files/Pods-Pokedex/Pods-Pokedex-frameworks.sh\"\n";
			showEnvVarsInLog = 0;
		};
		368F26C4777FB60F84A1A8A5 /* [CP] Copy Pods Resources */ = {
			isa = PBXShellScriptBuildPhase;
			buildActionMask = 2147483647;
			files = (
			);
			inputPaths = (
			);
			name = "[CP] Copy Pods Resources";
			outputPaths = (
			);
			runOnlyForDeploymentPostprocessing = 0;
			shellPath = /bin/sh;
			shellScript = "\"${SRCROOT}/Pods/Target Support Files/Pods-Pokedex/Pods-Pokedex-resources.sh\"\n";
			showEnvVarsInLog = 0;
		};
		61A44164F61E24398428D0D3 /* [CP] Check Pods Manifest.lock */ = {
			isa = PBXShellScriptBuildPhase;
			buildActionMask = 2147483647;
			files = (
			);
			inputPaths = (
				"${PODS_PODFILE_DIR_PATH}/Podfile.lock",
				"${PODS_ROOT}/Manifest.lock",
			);
			name = "[CP] Check Pods Manifest.lock";
			outputPaths = (
				"$(DERIVED_FILE_DIR)/Pods-Pokedex-checkManifestLockResult.txt",
			);
			runOnlyForDeploymentPostprocessing = 0;
			shellPath = /bin/sh;
			shellScript = "diff \"${PODS_PODFILE_DIR_PATH}/Podfile.lock\" \"${PODS_ROOT}/Manifest.lock\" > /dev/null\nif [ $? != 0 ] ; then\n    # print error to STDERR\n    echo \"error: The sandbox is not in sync with the Podfile.lock. Run 'pod install' or update your CocoaPods installation.\" >&2\n    exit 1\nfi\n# This output is used by Xcode 'outputs' to avoid re-running this script phase.\necho \"SUCCESS\" > \"${SCRIPT_OUTPUT_FILE_0}\"\n";
			showEnvVarsInLog = 0;
		};
/* End PBXShellScriptBuildPhase section */

/* Begin PBXSourcesBuildPhase section */
		85F604B21F52F6D4006CAE44 /* Sources */ = {
			isa = PBXSourcesBuildPhase;
			buildActionMask = 2147483647;
			files = (
				85F01AFA1F5948E0006F73B3 /* PokeCell.swift in Sources */,
				85F604BC1F52F6D4006CAE44 /* ViewController.swift in Sources */,
				85F604BA1F52F6D4006CAE44 /* AppDelegate.swift in Sources */,
				854D48B71F657C9800A49A0A /* PokemonDetailVC.swift in Sources */,
				85F604EB1F52FBE9006CAE44 /* Pokemon.swift in Sources */,
				85CF1F6A1F616C1300B85674 /* csv.swift in Sources */,
			);
			runOnlyForDeploymentPostprocessing = 0;
		};
		85F604C61F52F6D4006CAE44 /* Sources */ = {
			isa = PBXSourcesBuildPhase;
			buildActionMask = 2147483647;
			files = (
				85F604CF1F52F6D4006CAE44 /* PokedexTests.swift in Sources */,
			);
			runOnlyForDeploymentPostprocessing = 0;
		};
		85F604D11F52F6D4006CAE44 /* Sources */ = {
			isa = PBXSourcesBuildPhase;
			buildActionMask = 2147483647;
			files = (
				85F604DA1F52F6D4006CAE44 /* PokedexUITests.swift in Sources */,
			);
			runOnlyForDeploymentPostprocessing = 0;
		};
/* End PBXSourcesBuildPhase section */

/* Begin PBXTargetDependency section */
		85F604CC1F52F6D4006CAE44 /* PBXTargetDependency */ = {
			isa = PBXTargetDependency;
			target = 85F604B51F52F6D4006CAE44 /* Pokedex */;
			targetProxy = 85F604CB1F52F6D4006CAE44 /* PBXContainerItemProxy */;
		};
		85F604D71F52F6D4006CAE44 /* PBXTargetDependency */ = {
			isa = PBXTargetDependency;
			target = 85F604B51F52F6D4006CAE44 /* Pokedex */;
			targetProxy = 85F604D61F52F6D4006CAE44 /* PBXContainerItemProxy */;
		};
/* End PBXTargetDependency section */

/* Begin PBXVariantGroup section */
		85F604BD1F52F6D4006CAE44 /* Main.storyboard */ = {
			isa = PBXVariantGroup;
			children = (
				85F604BE1F52F6D4006CAE44 /* Base */,
			);
			name = Main.storyboard;
			sourceTree = "<group>";
		};
		85F604C21F52F6D4006CAE44 /* LaunchScreen.storyboard */ = {
			isa = PBXVariantGroup;
			children = (
				85F604C31F52F6D4006CAE44 /* Base */,
			);
			name = LaunchScreen.storyboard;
			sourceTree = "<group>";
		};
/* End PBXVariantGroup section */

/* Begin XCBuildConfiguration section */
		85F604DC1F52F6D4006CAE44 /* Debug */ = {
			isa = XCBuildConfiguration;
			buildSettings = {
				ALWAYS_SEARCH_USER_PATHS = NO;
				CLANG_ANALYZER_NONNULL = YES;
				CLANG_ANALYZER_NUMBER_OBJECT_CONVERSION = YES_AGGRESSIVE;
				CLANG_CXX_LANGUAGE_STANDARD = "gnu++0x";
				CLANG_CXX_LIBRARY = "libc++";
				CLANG_ENABLE_MODULES = YES;
				CLANG_ENABLE_OBJC_ARC = YES;
				CLANG_WARN_BOOL_CONVERSION = YES;
				CLANG_WARN_CONSTANT_CONVERSION = YES;
				CLANG_WARN_DIRECT_OBJC_ISA_USAGE = YES_ERROR;
				CLANG_WARN_DOCUMENTATION_COMMENTS = YES;
				CLANG_WARN_EMPTY_BODY = YES;
				CLANG_WARN_ENUM_CONVERSION = YES;
				CLANG_WARN_INFINITE_RECURSION = YES;
				CLANG_WARN_INT_CONVERSION = YES;
				CLANG_WARN_OBJC_ROOT_CLASS = YES_ERROR;
				CLANG_WARN_SUSPICIOUS_MOVE = YES;
				CLANG_WARN_UNREACHABLE_CODE = YES;
				CLANG_WARN__DUPLICATE_METHOD_MATCH = YES;
				"CODE_SIGN_IDENTITY[sdk=iphoneos*]" = "iPhone Developer";
				COPY_PHASE_STRIP = NO;
				DEBUG_INFORMATION_FORMAT = dwarf;
				ENABLE_STRICT_OBJC_MSGSEND = YES;
				ENABLE_TESTABILITY = YES;
				GCC_C_LANGUAGE_STANDARD = gnu99;
				GCC_DYNAMIC_NO_PIC = NO;
				GCC_NO_COMMON_BLOCKS = YES;
				GCC_OPTIMIZATION_LEVEL = 0;
				GCC_PREPROCESSOR_DEFINITIONS = (
					"DEBUG=1",
					"$(inherited)",
				);
				GCC_WARN_64_TO_32_BIT_CONVERSION = YES;
				GCC_WARN_ABOUT_RETURN_TYPE = YES_ERROR;
				GCC_WARN_UNDECLARED_SELECTOR = YES;
				GCC_WARN_UNINITIALIZED_AUTOS = YES_AGGRESSIVE;
				GCC_WARN_UNUSED_FUNCTION = YES;
				GCC_WARN_UNUSED_VARIABLE = YES;
				IPHONEOS_DEPLOYMENT_TARGET = 10.3;
				MTL_ENABLE_DEBUG_INFO = YES;
				ONLY_ACTIVE_ARCH = YES;
				SDKROOT = iphoneos;
				SWIFT_ACTIVE_COMPILATION_CONDITIONS = DEBUG;
				SWIFT_OPTIMIZATION_LEVEL = "-Onone";
				TARGETED_DEVICE_FAMILY = "1,2";
			};
			name = Debug;
		};
		85F604DD1F52F6D4006CAE44 /* Release */ = {
			isa = XCBuildConfiguration;
			buildSettings = {
				ALWAYS_SEARCH_USER_PATHS = NO;
				CLANG_ANALYZER_NONNULL = YES;
				CLANG_ANALYZER_NUMBER_OBJECT_CONVERSION = YES_AGGRESSIVE;
				CLANG_CXX_LANGUAGE_STANDARD = "gnu++0x";
				CLANG_CXX_LIBRARY = "libc++";
				CLANG_ENABLE_MODULES = YES;
				CLANG_ENABLE_OBJC_ARC = YES;
				CLANG_WARN_BOOL_CONVERSION = YES;
				CLANG_WARN_CONSTANT_CONVERSION = YES;
				CLANG_WARN_DIRECT_OBJC_ISA_USAGE = YES_ERROR;
				CLANG_WARN_DOCUMENTATION_COMMENTS = YES;
				CLANG_WARN_EMPTY_BODY = YES;
				CLANG_WARN_ENUM_CONVERSION = YES;
				CLANG_WARN_INFINITE_RECURSION = YES;
				CLANG_WARN_INT_CONVERSION = YES;
				CLANG_WARN_OBJC_ROOT_CLASS = YES_ERROR;
				CLANG_WARN_SUSPICIOUS_MOVE = YES;
				CLANG_WARN_UNREACHABLE_CODE = YES;
				CLANG_WARN__DUPLICATE_METHOD_MATCH = YES;
				"CODE_SIGN_IDENTITY[sdk=iphoneos*]" = "iPhone Developer";
				COPY_PHASE_STRIP = NO;
				DEBUG_INFORMATION_FORMAT = "dwarf-with-dsym";
				ENABLE_NS_ASSERTIONS = NO;
				ENABLE_STRICT_OBJC_MSGSEND = YES;
				GCC_C_LANGUAGE_STANDARD = gnu99;
				GCC_NO_COMMON_BLOCKS = YES;
				GCC_WARN_64_TO_32_BIT_CONVERSION = YES;
				GCC_WARN_ABOUT_RETURN_TYPE = YES_ERROR;
				GCC_WARN_UNDECLARED_SELECTOR = YES;
				GCC_WARN_UNINITIALIZED_AUTOS = YES_AGGRESSIVE;
				GCC_WARN_UNUSED_FUNCTION = YES;
				GCC_WARN_UNUSED_VARIABLE = YES;
				IPHONEOS_DEPLOYMENT_TARGET = 10.3;
				MTL_ENABLE_DEBUG_INFO = NO;
				SDKROOT = iphoneos;
				SWIFT_OPTIMIZATION_LEVEL = "-Owholemodule";
				TARGETED_DEVICE_FAMILY = "1,2";
				VALIDATE_PRODUCT = YES;
			};
			name = Release;
		};
		85F604DF1F52F6D4006CAE44 /* Debug */ = {
			isa = XCBuildConfiguration;
			baseConfigurationReference = 9B034032C6E9E0E6730A754B /* Pods-Pokedex.debug.xcconfig */;
			buildSettings = {
				ASSETCATALOG_COMPILER_APPICON_NAME = AppIcon;
				INFOPLIST_FILE = Pokedex/Info.plist;
				LD_RUNPATH_SEARCH_PATHS = "$(inherited) @executable_path/Frameworks";
				PRODUCT_BUNDLE_IDENTIFIER = Mayank.Pokedex;
				PRODUCT_NAME = "$(TARGET_NAME)";
				SWIFT_VERSION = 3.0;
				TARGETED_DEVICE_FAMILY = 1;
			};
			name = Debug;
		};
		85F604E01F52F6D4006CAE44 /* Release */ = {
			isa = XCBuildConfiguration;
			baseConfigurationReference = BA6E5EFEC92C7B323B3CAA82 /* Pods-Pokedex.release.xcconfig */;
			buildSettings = {
				ASSETCATALOG_COMPILER_APPICON_NAME = AppIcon;
				INFOPLIST_FILE = Pokedex/Info.plist;
				LD_RUNPATH_SEARCH_PATHS = "$(inherited) @executable_path/Frameworks";
				PRODUCT_BUNDLE_IDENTIFIER = Mayank.Pokedex;
				PRODUCT_NAME = "$(TARGET_NAME)";
				SWIFT_VERSION = 3.0;
				TARGETED_DEVICE_FAMILY = 1;
			};
			name = Release;
		};
		85F604E21F52F6D4006CAE44 /* Debug */ = {
			isa = XCBuildConfiguration;
			buildSettings = {
				ALWAYS_EMBED_SWIFT_STANDARD_LIBRARIES = YES;
				BUNDLE_LOADER = "$(TEST_HOST)";
				INFOPLIST_FILE = PokedexTests/Info.plist;
				LD_RUNPATH_SEARCH_PATHS = "$(inherited) @executable_path/Frameworks @loader_path/Frameworks";
				PRODUCT_BUNDLE_IDENTIFIER = Mayank.PokedexTests;
				PRODUCT_NAME = "$(TARGET_NAME)";
				SWIFT_VERSION = 3.0;
				TEST_HOST = "$(BUILT_PRODUCTS_DIR)/Pokedex.app/Pokedex";
			};
			name = Debug;
		};
		85F604E31F52F6D4006CAE44 /* Release */ = {
			isa = XCBuildConfiguration;
			buildSettings = {
				ALWAYS_EMBED_SWIFT_STANDARD_LIBRARIES = YES;
				BUNDLE_LOADER = "$(TEST_HOST)";
				INFOPLIST_FILE = PokedexTests/Info.plist;
				LD_RUNPATH_SEARCH_PATHS = "$(inherited) @executable_path/Frameworks @loader_path/Frameworks";
				PRODUCT_BUNDLE_IDENTIFIER = Mayank.PokedexTests;
				PRODUCT_NAME = "$(TARGET_NAME)";
				SWIFT_VERSION = 3.0;
				TEST_HOST = "$(BUILT_PRODUCTS_DIR)/Pokedex.app/Pokedex";
			};
			name = Release;
		};
		85F604E51F52F6D4006CAE44 /* Debug */ = {
			isa = XCBuildConfiguration;
			buildSettings = {
				ALWAYS_EMBED_SWIFT_STANDARD_LIBRARIES = YES;
				INFOPLIST_FILE = PokedexUITests/Info.plist;
				LD_RUNPATH_SEARCH_PATHS = "$(inherited) @executable_path/Frameworks @loader_path/Frameworks";
				PRODUCT_BUNDLE_IDENTIFIER = Mayank.PokedexUITests;
				PRODUCT_NAME = "$(TARGET_NAME)";
				SWIFT_VERSION = 3.0;
				TEST_TARGET_NAME = Pokedex;
			};
			name = Debug;
		};
		85F604E61F52F6D4006CAE44 /* Release */ = {
			isa = XCBuildConfiguration;
			buildSettings = {
				ALWAYS_EMBED_SWIFT_STANDARD_LIBRARIES = YES;
				INFOPLIST_FILE = PokedexUITests/Info.plist;
				LD_RUNPATH_SEARCH_PATHS = "$(inherited) @executable_path/Frameworks @loader_path/Frameworks";
				PRODUCT_BUNDLE_IDENTIFIER = Mayank.PokedexUITests;
				PRODUCT_NAME = "$(TARGET_NAME)";
				SWIFT_VERSION = 3.0;
				TEST_TARGET_NAME = Pokedex;
			};
			name = Release;
		};
/* End XCBuildConfiguration section */

/* Begin XCConfigurationList section */
		85F604B11F52F6D3006CAE44 /* Build configuration list for PBXProject "Pokedex" */ = {
			isa = XCConfigurationList;
			buildConfigurations = (
				85F604DC1F52F6D4006CAE44 /* Debug */,
				85F604DD1F52F6D4006CAE44 /* Release */,
			);
			defaultConfigurationIsVisible = 0;
			defaultConfigurationName = Release;
		};
		85F604DE1F52F6D4006CAE44 /* Build configuration list for PBXNativeTarget "Pokedex" */ = {
			isa = XCConfigurationList;
			buildConfigurations = (
				85F604DF1F52F6D4006CAE44 /* Debug */,
				85F604E01F52F6D4006CAE44 /* Release */,
			);
			defaultConfigurationIsVisible = 0;
			defaultConfigurationName = Release;
		};
		85F604E11F52F6D4006CAE44 /* Build configuration list for PBXNativeTarget "PokedexTests" */ = {
			isa = XCConfigurationList;
			buildConfigurations = (
				85F604E21F52F6D4006CAE44 /* Debug */,
				85F604E31F52F6D4006CAE44 /* Release */,
			);
			defaultConfigurationIsVisible = 0;
			defaultConfigurationName = Release;
		};
		85F604E41F52F6D4006CAE44 /* Build configuration list for PBXNativeTarget "PokedexUITests" */ = {
			isa = XCConfigurationList;
			buildConfigurations = (
				85F604E51F52F6D4006CAE44 /* Debug */,
				85F604E61F52F6D4006CAE44 /* Release */,
			);
			defaultConfigurationIsVisible = 0;
			defaultConfigurationName = Release;
		};
/* End XCConfigurationList section */
	};
	rootObject = 85F604AE1F52F6D3006CAE44 /* Project object */;
}
